
Microsoft Visual Studio Solution File, Format Version 12.00
# Visual Studio Version 17
VisualStudioVersion = 17.14.36414.22 d17.14
MinimumVisualStudioVersion = 10.0.40219.1
Project("{FAE04EC0-301F-11D3-BF4B-00C04F79EFBC}") = "Conectea", "Conectea\Conectea.csproj", "{4859EC7A-0055-45DB-890C-333146DC831B}"
EndProject
Project("{FAE04EC0-301F-11D3-BF4B-00C04F79EFBC}") = "Domain", "Domain\Domain.csproj", "{818C5AFE-6D57-43A1-B519-C6E94110E16B}"
EndProject
Project("{FAE04EC0-301F-11D3-BF4B-00C04F79EFBC}") = "API", "API\API.csproj", "{1F9F5ADF-EA1C-415E-8748-F1744DA6E69E}"
EndProject
Project("{FAE04EC0-301F-11D3-BF4B-00C04F79EFBC}") = "Application", "Application\Application.csproj", "{780AE90D-2C65-44A2-B544-BBC015FEE6F5}"
EndProject
Project("{FAE04EC0-301F-11D3-BF4B-00C04F79EFBC}") = "Infrastructure", "Infrastructure\Infrastructure.csproj", "{B561834F-6CFD-4787-BF8F-AC6AAAEB153E}"
EndProject
Global
	GlobalSection(SolutionConfigurationPlatforms) = preSolution
		Debug|Any CPU = Debug|Any CPU
		Release|Any CPU = Release|Any CPU
	EndGlobalSection
	GlobalSection(ProjectConfigurationPlatforms) = postSolution
		{4859EC7A-0055-45DB-890C-333146DC831B}.Debug|Any CPU.ActiveCfg = Debug|Any CPU
		{4859EC7A-0055-45DB-890C-333146DC831B}.Debug|Any CPU.Build.0 = Debug|Any CPU
		{4859EC7A-0055-45DB-890C-333146DC831B}.Release|Any CPU.ActiveCfg = Release|Any CPU
		{4859EC7A-0055-45DB-890C-333146DC831B}.Release|Any CPU.Build.0 = Release|Any CPU
		{818C5AFE-6D57-43A1-B519-C6E94110E16B}.Debug|Any CPU.ActiveCfg = Debug|Any CPU
		{818C5AFE-6D57-43A1-B519-C6E94110E16B}.Debug|Any CPU.Build.0 = Debug|Any CPU
		{818C5AFE-6D57-43A1-B519-C6E94110E16B}.Release|Any CPU.ActiveCfg = Release|Any CPU
		{818C5AFE-6D57-43A1-B519-C6E94110E16B}.Release|Any CPU.Build.0 = Release|Any CPU
		{1F9F5ADF-EA1C-415E-8748-F1744DA6E69E}.Debug|Any CPU.ActiveCfg = Debug|Any CPU
		{1F9F5ADF-EA1C-415E-8748-F1744DA6E69E}.Debug|Any CPU.Build.0 = Debug|Any CPU
		{1F9F5ADF-EA1C-415E-8748-F1744DA6E69E}.Release|Any CPU.ActiveCfg = Release|Any CPU
		{1F9F5ADF-EA1C-415E-8748-F1744DA6E69E}.Release|Any CPU.Build.0 = Release|Any CPU
		{780AE90D-2C65-44A2-B544-BBC015FEE6F5}.Debug|Any CPU.ActiveCfg = Debug|Any CPU
		{780AE90D-2C65-44A2-B544-BBC015FEE6F5}.Debug|Any CPU.Build.0 = Debug|Any CPU
		{780AE90D-2C65-44A2-B544-BBC015FEE6F5}.Release|Any CPU.ActiveCfg = Release|Any CPU
		{780AE90D-2C65-44A2-B544-BBC015FEE6F5}.Release|Any CPU.Build.0 = Release|Any CPU
		{B561834F-6CFD-4787-BF8F-AC6AAAEB153E}.Debug|Any CPU.ActiveCfg = Debug|Any CPU
		{B561834F-6CFD-4787-BF8F-AC6AAAEB153E}.Debug|Any CPU.Build.0 = Debug|Any CPU
		{B561834F-6CFD-4787-BF8F-AC6AAAEB153E}.Release|Any CPU.ActiveCfg = Release|Any CPU
		{B561834F-6CFD-4787-BF8F-AC6AAAEB153E}.Release|Any CPU.Build.0 = Release|Any CPU
	EndGlobalSection
	GlobalSection(SolutionProperties) = preSolution
		HideSolutionNode = FALSE
	EndGlobalSection
	GlobalSection(ExtensibilityGlobals) = postSolution
		SolutionGuid = {A1D2E875-271B-4A48-B768-FD482341183C}
	EndGlobalSection
EndGlobal
